
Microsoft Visual Studio Solution File, Format Version 12.00
# Visual Studio Version 17
VisualStudioVersion = 17.6.33829.357
MinimumVisualStudioVersion = 10.0.40219.1
Project("{9A19103F-16F7-4668-BE54-9A1E7A4F7556}") = "HJJJJ.DeskReach", "HJJJJ.DeskReach\HJJJJ.DeskReach.csproj", "{2E704B6A-FD38-4FC1-AA32-BA6905A0FCC8}"
EndProject
Project("{FAE04EC0-301F-11D3-BF4B-00C04F79EFBC}") = "HJJJJ.DeskReach.Plugins.DrawingBoard.Windows", "HJJJJ.OpenDesk.Plugins.DrawingBoard.Windows\HJJJJ.DeskReach.Plugins.DrawingBoard.Windows.csproj", "{814AA28E-EFD4-4112-A7C5-D5E562378CD1}"
EndProject
Project("{FAE04EC0-301F-11D3-BF4B-00C04F79EFBC}") = "HJJJJ.DeskReach.Demo", "HJJJJ.DeskReach.Demo\HJJJJ.DeskReach.Demo.csproj", "{903F998C-3F87-4EE3-B496-1208B9BFDA75}"
EndProject
Project("{FAE04EC0-301F-11D3-BF4B-00C04F79EFBC}") = "HJJJJ.DeskReach.Plugins.TextMessage.Windows", "HJJJJ.DeskReach.Plugins.TextMessage.Windows\HJJJJ.DeskReach.Plugins.TextMessage.Windows.csproj", "{BFFE2CCB-8496-446D-BF66-156B5FD5A33A}"
EndProject
Project("{FAE04EC0-301F-11D3-BF4B-00C04F79EFBC}") = "HJJJJ.DeskReach.Plugins.Screen.Windows", "HJJJJ.DeskReach.Plugins.Screen.Windows\HJJJJ.DeskReach.Plugins.Screen.Windows.csproj", "{FAC48B1D-A672-49EC-9B7F-AC2DE0A79C2F}"
EndProject
Project("{FAE04EC0-301F-11D3-BF4B-00C04F79EFBC}") = "WindowsFormsApp", "WindowsFormsApp\WindowsFormsApp.csproj", "{8F021694-C284-46B9-8CEB-3DCACC25142C}"
EndProject
Project("{FAE04EC0-301F-11D3-BF4B-00C04F79EFBC}") = "ConsoleApp1", "ConsoleApp1\ConsoleApp1.csproj", "{A88640B3-67F1-4EFB-A3C6-6DD1E86BE86F}"
EndProject
Project("{FAE04EC0-301F-11D3-BF4B-00C04F79EFBC}") = "HJJJJ.DeskReach.Plugins.CommandPrompt.Windows", "HJJJJ.DeskReach.Plugins.CommandPrompt.Windows\HJJJJ.DeskReach.Plugins.CommandPrompt.Windows.csproj", "{B7E34F5D-C2B8-4099-898C-42FFEA28BEB3}"
EndProject
Global
	GlobalSection(SolutionConfigurationPlatforms) = preSolution
		Debug|Any CPU = Debug|Any CPU
		Release|Any CPU = Release|Any CPU
	EndGlobalSection
	GlobalSection(ProjectConfigurationPlatforms) = postSolution
		{2E704B6A-FD38-4FC1-AA32-BA6905A0FCC8}.Debug|Any CPU.ActiveCfg = Debug|Any CPU
		{2E704B6A-FD38-4FC1-AA32-BA6905A0FCC8}.Debug|Any CPU.Build.0 = Debug|Any CPU
		{2E704B6A-FD38-4FC1-AA32-BA6905A0FCC8}.Release|Any CPU.ActiveCfg = Release|Any CPU
		{2E704B6A-FD38-4FC1-AA32-BA6905A0FCC8}.Release|Any CPU.Build.0 = Release|Any CPU
		{814AA28E-EFD4-4112-A7C5-D5E562378CD1}.Debug|Any CPU.ActiveCfg = Debug|Any CPU
		{814AA28E-EFD4-4112-A7C5-D5E562378CD1}.Debug|Any CPU.Build.0 = Debug|Any CPU
		{814AA28E-EFD4-4112-A7C5-D5E562378CD1}.Release|Any CPU.ActiveCfg = Release|Any CPU
		{814AA28E-EFD4-4112-A7C5-D5E562378CD1}.Release|Any CPU.Build.0 = Release|Any CPU
		{903F998C-3F87-4EE3-B496-1208B9BFDA75}.Debug|Any CPU.ActiveCfg = Debug|Any CPU
		{903F998C-3F87-4EE3-B496-1208B9BFDA75}.Debug|Any CPU.Build.0 = Debug|Any CPU
		{903F998C-3F87-4EE3-B496-1208B9BFDA75}.Release|Any CPU.ActiveCfg = Release|Any CPU
		{903F998C-3F87-4EE3-B496-1208B9BFDA75}.Release|Any CPU.Build.0 = Release|Any CPU
		{BFFE2CCB-8496-446D-BF66-156B5FD5A33A}.Debug|Any CPU.ActiveCfg = Debug|Any CPU
		{BFFE2CCB-8496-446D-BF66-156B5FD5A33A}.Debug|Any CPU.Build.0 = Debug|Any CPU
		{BFFE2CCB-8496-446D-BF66-156B5FD5A33A}.Release|Any CPU.ActiveCfg = Release|Any CPU
		{BFFE2CCB-8496-446D-BF66-156B5FD5A33A}.Release|Any CPU.Build.0 = Release|Any CPU
		{FAC48B1D-A672-49EC-9B7F-AC2DE0A79C2F}.Debug|Any CPU.ActiveCfg = Debug|Any CPU
		{FAC48B1D-A672-49EC-9B7F-AC2DE0A79C2F}.Debug|Any CPU.Build.0 = Debug|Any CPU
		{FAC48B1D-A672-49EC-9B7F-AC2DE0A79C2F}.Release|Any CPU.ActiveCfg = Release|Any CPU
		{FAC48B1D-A672-49EC-9B7F-AC2DE0A79C2F}.Release|Any CPU.Build.0 = Release|Any CPU
		{8F021694-C284-46B9-8CEB-3DCACC25142C}.Debug|Any CPU.ActiveCfg = Debug|Any CPU
		{8F021694-C284-46B9-8CEB-3DCACC25142C}.Debug|Any CPU.Build.0 = Debug|Any CPU
		{8F021694-C284-46B9-8CEB-3DCACC25142C}.Release|Any CPU.ActiveCfg = Release|Any CPU
		{8F021694-C284-46B9-8CEB-3DCACC25142C}.Release|Any CPU.Build.0 = Release|Any CPU
		{A88640B3-67F1-4EFB-A3C6-6DD1E86BE86F}.Debug|Any CPU.ActiveCfg = Debug|Any CPU
		{A88640B3-67F1-4EFB-A3C6-6DD1E86BE86F}.Debug|Any CPU.Build.0 = Debug|Any CPU
		{A88640B3-67F1-4EFB-A3C6-6DD1E86BE86F}.Release|Any CPU.ActiveCfg = Release|Any CPU
		{A88640B3-67F1-4EFB-A3C6-6DD1E86BE86F}.Release|Any CPU.Build.0 = Release|Any CPU
		{B7E34F5D-C2B8-4099-898C-42FFEA28BEB3}.Debug|Any CPU.ActiveCfg = Debug|Any CPU
		{B7E34F5D-C2B8-4099-898C-42FFEA28BEB3}.Debug|Any CPU.Build.0 = Debug|Any CPU
		{B7E34F5D-C2B8-4099-898C-42FFEA28BEB3}.Release|Any CPU.ActiveCfg = Release|Any CPU
		{B7E34F5D-C2B8-4099-898C-42FFEA28BEB3}.Release|Any CPU.Build.0 = Release|Any CPU
	EndGlobalSection
	GlobalSection(SolutionProperties) = preSolution
		HideSolutionNode = FALSE
	EndGlobalSection
	GlobalSection(ExtensibilityGlobals) = postSolution
		SolutionGuid = {A41819F0-0188-41EA-B150-EED1084CB428}
	EndGlobalSection
EndGlobal
