
Microsoft Visual Studio Solution File, Format Version 12.00
# Visual Studio Version 17
VisualStudioVersion = 17.6.33829.357
MinimumVisualStudioVersion = 10.0.40219.1
Project("{9A19103F-16F7-4668-BE54-9A1E7A4F7556}") = "HJJJJ.DeskReach", "HJJJJ.DeskReach\HJJJJ.DeskReach.csproj", "{2E704B6A-FD38-4FC1-AA32-BA6905A0FCC8}"
EndProject
Project("{FAE04EC0-301F-11D3-BF4B-00C04F79EFBC}") = "HJJJJ.DeskReach.Plugins.DrawingBoard.Windows", "HJJJJ.OpenDesk.Plugins.DrawingBoard.Windows\HJJJJ.DeskReach.Plugins.DrawingBoard.Windows.csproj", "{814AA28E-EFD4-4112-A7C5-D5E562378CD1}"
EndProject
Project("{FAE04EC0-301F-11D3-BF4B-00C04F79EFBC}") = "HJJJJ.DeskReach.Demo", "HJJJJ.DeskReach.Demo\HJJJJ.DeskReach.Demo.csproj", "{903F998C-3F87-4EE3-B496-1208B9BFDA75}"
EndProject
Global
	GlobalSection(SolutionConfigurationPlatforms) = preSolution
		Debug|Any CPU = Debug|Any CPU
		Release|Any CPU = Release|Any CPU
	EndGlobalSection
	GlobalSection(ProjectConfigurationPlatforms) = postSolution
		{2E704B6A-FD38-4FC1-AA32-BA6905A0FCC8}.Debug|Any CPU.ActiveCfg = Debug|Any CPU
		{2E704B6A-FD38-4FC1-AA32-BA6905A0FCC8}.Debug|Any CPU.Build.0 = Debug|Any CPU
		{2E704B6A-FD38-4FC1-AA32-BA6905A0FCC8}.Release|Any CPU.ActiveCfg = Release|Any CPU
		{2E704B6A-FD38-4FC1-AA32-BA6905A0FCC8}.Release|Any CPU.Build.0 = Release|Any CPU
		{814AA28E-EFD4-4112-A7C5-D5E562378CD1}.Debug|Any CPU.ActiveCfg = Debug|Any CPU
		{814AA28E-EFD4-4112-A7C5-D5E562378CD1}.Debug|Any CPU.Build.0 = Debug|Any CPU
		{814AA28E-EFD4-4112-A7C5-D5E562378CD1}.Release|Any CPU.ActiveCfg = Release|Any CPU
		{814AA28E-EFD4-4112-A7C5-D5E562378CD1}.Release|Any CPU.Build.0 = Release|Any CPU
		{903F998C-3F87-4EE3-B496-1208B9BFDA75}.Debug|Any CPU.ActiveCfg = Debug|Any CPU
		{903F998C-3F87-4EE3-B496-1208B9BFDA75}.Debug|Any CPU.Build.0 = Debug|Any CPU
		{903F998C-3F87-4EE3-B496-1208B9BFDA75}.Release|Any CPU.ActiveCfg = Release|Any CPU
		{903F998C-3F87-4EE3-B496-1208B9BFDA75}.Release|Any CPU.Build.0 = Release|Any CPU
	EndGlobalSection
	GlobalSection(SolutionProperties) = preSolution
		HideSolutionNode = FALSE
	EndGlobalSection
	GlobalSection(ExtensibilityGlobals) = postSolution
		SolutionGuid = {A41819F0-0188-41EA-B150-EED1084CB428}
	EndGlobalSection
EndGlobal
